Microsoft Visual Studio Solution File, Format Version 12.00
# Visual Studio Version 17
VisualStudioVersion = 17.5.2.0
MinimumVisualStudioVersion = 10.0.40219.1
Project("{FAE04EC0-301F-11D3-BF4B-00C04F79EFBC}") = "IBOIS.Animation", "IBOIS.Animation.csproj", "{C187EAAC-735D-0E57-8AD8-4F958A80D67C}"
EndProject
Global
	GlobalSection(SolutionConfigurationPlatforms) = preSolution
		Debug|Any CPU = Debug|Any CPU
		Release|Any CPU = Release|Any CPU
	EndGlobalSection
	GlobalSection(ProjectConfigurationPlatforms) = postSolution
		{C187EAAC-735D-0E57-8AD8-4F958A80D67C}.Debug|Any CPU.ActiveCfg = Debug|Any CPU
		{C187EAAC-735D-0E57-8AD8-4F958A80D67C}.Debug|Any CPU.Build.0 = Debug|Any CPU
		{C187EAAC-735D-0E57-8AD8-4F958A80D67C}.Release|Any CPU.ActiveCfg = Release|Any CPU
		{C187EAAC-735D-0E57-8AD8-4F958A80D67C}.Release|Any CPU.Build.0 = Release|Any CPU
	EndGlobalSection
	GlobalSection(SolutionProperties) = preSolution
		HideSolutionNode = FALSE
	EndGlobalSection
	GlobalSection(ExtensibilityGlobals) = postSolution
		SolutionGuid = {A281FADF-55DD-4BCB-B279-C1943095A4EF}
	EndGlobalSection
EndGlobal
